<?xml version="1.0" encoding="utf-8"?>
<Project ToolsVersion="4.0" xmlns="http://schemas.microsoft.com/developer/msbuild/2003">
  <ItemGroup>
    <Filter Include="include">
      <UniqueIdentifier>{9e18662a-e3e5-45f9-a663-235f53e12967}</UniqueIdentifier>
    </Filter>
    <Filter Include="src">
      <UniqueIdentifier>{0e301ea6-fc33-4959-a93e-9d5da99898e0}</UniqueIdentifier>
    </Filter>
    <Filter Include="include\graphic">
      <UniqueIdentifier>{4fd6826c-67f7-4f3c-aedd-aea3b3c3b528}</UniqueIdentifier>
    </Filter>
    <Filter Include="include\window">
      <UniqueIdentifier>{5ef01793-5b3b-4ef4-b654-38160ef3464a}</UniqueIdentifier>
    </Filter>
    <Filter Include="src\graphic">
      <UniqueIdentifier>{4f8e68c0-315e-4eab-9952-8f6f631506e5}</UniqueIdentifier>
    </Filter>
    <Filter Include="src\window">
      <UniqueIdentifier>{96661f22-5d8c-4043-b13f-692ed8729611}</UniqueIdentifier>
    </Filter>
    <Filter Include="include\graphic\vulkan">
      <UniqueIdentifier>{50d12b05-73b5-4b62-b012-f2cab0d52849}</UniqueIdentifier>
    </Filter>
    <Filter Include="src\graphic\vulkan">
      <UniqueIdentifier>{fabca350-4fef-49ec-b0d1-f19147a0a984}</UniqueIdentifier>
    </Filter>
    <Filter Include="include\window\glfw">
      <UniqueIdentifier>{9fab938e-7679-4200-a818-0e2117f374ef}</UniqueIdentifier>
    </Filter>
    <Filter Include="src\window\glfw">
      <UniqueIdentifier>{9309f23a-d759-4619-961e-46ce858d3dbe}</UniqueIdentifier>
    </Filter>
    <Filter Include="include\libdef">
      <UniqueIdentifier>{61af83ec-b8b9-4811-b306-3ad80915cbad}</UniqueIdentifier>
    </Filter>
  </ItemGroup>
  <ItemGroup>
    <ClInclude Include="include\Wasabi\window\glfw\window.h">
      <Filter>include\window\glfw</Filter>
    </ClInclude>
    <ClInclude Include="include\Wasabi\graphic\vulkan\debugTool.h">
      <Filter>include\graphic\vulkan</Filter>
    </ClInclude>
    <ClInclude Include="include\Wasabi\graphic\vulkan\graphicDevice.h">
      <Filter>include\graphic\vulkan</Filter>
    </ClInclude>
    <ClInclude Include="include\Wasabi\graphic\vulkan\graphicEngine.h">
      <Filter>include\graphic\vulkan</Filter>
    </ClInclude>
    <ClInclude Include="include\Wasabi\graphic\vulkan\graphicPipeline.h">
      <Filter>include\graphic\vulkan</Filter>
    </ClInclude>
    <ClInclude Include="include\Wasabi\graphic\vulkan\graphicQueue.h">
      <Filter>include\graphic\vulkan</Filter>
    </ClInclude>
    <ClInclude Include="include\Wasabi\graphic\vulkan\graphicRender.h">
      <Filter>include\graphic\vulkan</Filter>
    </ClInclude>
    <ClInclude Include="include\Wasabi\graphic\vulkan\physicalDevice.h">
      <Filter>include\graphic\vulkan</Filter>
    </ClInclude>
    <ClInclude Include="include\Wasabi\graphic\vulkan\presentQueue.h">
      <Filter>include\graphic\vulkan</Filter>
    </ClInclude>
    <ClInclude Include="include\Wasabi\graphic\vulkan\queueFamilies.h">
      <Filter>include\graphic\vulkan</Filter>
    </ClInclude>
    <ClInclude Include="include\Wasabi\graphic\vulkan\bufferMemoryArea.h">
      <Filter>include\graphic\vulkan</Filter>
    </ClInclude>
    <ClInclude Include="include\Wasabi\graphic\vulkan\descriptorPool.h">
      <Filter>include\graphic\vulkan</Filter>
    </ClInclude>
    <ClInclude Include="include\Wasabi\graphic\vulkan\commandPool.h">
      <Filter>include\graphic\vulkan</Filter>
    </ClInclude>
    <ClInclude Include="include\Wasabi\graphic\vulkan\transientCommandPool.h">
      <Filter>include\graphic\vulkan</Filter>
    </ClInclude>
    <ClInclude Include="include\Wasabi\graphic\vulkan\instance.h">
      <Filter>include\graphic\vulkan</Filter>
    </ClInclude>
    <ClInclude Include="include\Wasabi\graphic\vulkan\logicalDevice.h">
      <Filter>include\graphic\vulkan</Filter>
    </ClInclude>
    <ClInclude Include="include\Wasabi\libdef\vulkan.h">
      <Filter>include\libdef</Filter>
    </ClInclude>
    <ClInclude Include="include\Wasabi\libdef\glfw.h">
      <Filter>include\libdef</Filter>
    </ClInclude>
    <ClInclude Include="include\Wasabi\graphic\vulkan\swapChain.h">
      <Filter>include\graphic\vulkan</Filter>
    </ClInclude>
    <ClInclude Include="include\Wasabi\graphic\vulkan\surface.h">
      <Filter>include\graphic\vulkan</Filter>
    </ClInclude>
    <ClInclude Include="include\Wasabi\graphic\vulkan\queueBase.h">
      <Filter>include\graphic\vulkan</Filter>
    </ClInclude>
    <ClInclude Include="include\Wasabi\graphic\vulkan\renderPass.h">
      <Filter>include\graphic\vulkan</Filter>
    </ClInclude>
    <ClInclude Include="include\Wasabi\graphic\vulkan\vertex.h">
      <Filter>include\graphic\vulkan</Filter>
    </ClInclude>
  </ItemGroup>
  <ItemGroup>
    <ClCompile Include="src\graphic\vulkan\graphicEngine.cpp">
      <Filter>src\graphic\vulkan</Filter>
    </ClCompile>
    <ClCompile Include="src\window\glfw\window.cpp">
      <Filter>src\window\glfw</Filter>
    </ClCompile>
    <ClCompile Include="src\graphic\vulkan\bufferMemoryArea.cpp">
      <Filter>src\graphic\vulkan</Filter>
    </ClCompile>
    <ClCompile Include="src\graphic\vulkan\commandPool.cpp">
      <Filter>src\graphic\vulkan</Filter>
    </ClCompile>
    <ClCompile Include="src\graphic\vulkan\debugTool.cpp">
      <Filter>src\graphic\vulkan</Filter>
    </ClCompile>
    <ClCompile Include="src\graphic\vulkan\descriptorPool.cpp">
      <Filter>src\graphic\vulkan</Filter>
    </ClCompile>
    <ClCompile Include="src\graphic\vulkan\graphicDevice.cpp">
      <Filter>src\graphic\vulkan</Filter>
    </ClCompile>
    <ClCompile Include="src\graphic\vulkan\graphicPipeline.cpp">
      <Filter>src\graphic\vulkan</Filter>
    </ClCompile>
    <ClCompile Include="src\graphic\vulkan\graphicQueue.cpp">
      <Filter>src\graphic\vulkan</Filter>
    </ClCompile>
    <ClCompile Include="src\graphic\vulkan\graphicRender.cpp">
      <Filter>src\graphic\vulkan</Filter>
    </ClCompile>
    <ClCompile Include="src\graphic\vulkan\physicalDevice.cpp">
      <Filter>src\graphic\vulkan</Filter>
    </ClCompile>
    <ClCompile Include="src\graphic\vulkan\presentQueue.cpp">
      <Filter>src\graphic\vulkan</Filter>
    </ClCompile>
    <ClCompile Include="src\graphic\vulkan\queueFamilies.cpp">
      <Filter>src\graphic\vulkan</Filter>
    </ClCompile>
    <ClCompile Include="src\graphic\vulkan\renderPass.cpp">
      <Filter>src\graphic\vulkan</Filter>
    </ClCompile>
    <ClCompile Include="src\graphic\vulkan\transientCommandPool.cpp">
      <Filter>src\graphic\vulkan</Filter>
    </ClCompile>
    <ClCompile Include="src\graphic\vulkan\logicalDevice.cpp">
      <Filter>src\graphic\vulkan</Filter>
    </ClCompile>
    <ClCompile Include="src\graphic\vulkan\instance.cpp">
      <Filter>src\graphic\vulkan</Filter>
    </ClCompile>
    <ClCompile Include="src\graphic\vulkan\swapChain.cpp">
      <Filter>src\graphic\vulkan</Filter>
    </ClCompile>
    <ClCompile Include="src\graphic\vulkan\surface.cpp">
      <Filter>src\graphic\vulkan</Filter>
    </ClCompile>
    <ClCompile Include="src\graphic\vulkan\queueBase.cpp">
      <Filter>src\graphic\vulkan</Filter>
    </ClCompile>
    <ClCompile Include="src\graphic\vulkan\vertex.cpp">
      <Filter>src\graphic\vulkan</Filter>
    </ClCompile>
  </ItemGroup>
</Project>